
Microsoft Visual Studio Solution File, Format Version 12.00
Project("{FAE04EC0-301F-11D3-BF4B-00C04F79EFBC}") = "Application", "Application\Application.csproj", "{A2D9AA6C-9C0D-40B2-AA95-579F654E8F66}"
EndProject
Project("{FAE04EC0-301F-11D3-BF4B-00C04F79EFBC}") = "CDK", "CDK\CDK.csproj", "{F7211743-1E99-42E0-ADB0-CA653EAA39CD}"
EndProject
Project("{FAE04EC0-301F-11D3-BF4B-00C04F79EFBC}") = "Application.Tests", "Application.Tests\Application.Tests.csproj", "{BBAFCCD0-DE94-439A-88DF-E62A590B4771}"
EndProject
Global
	GlobalSection(SolutionConfigurationPlatforms) = preSolution
		Debug|Any CPU = Debug|Any CPU
		Release|Any CPU = Release|Any CPU
	EndGlobalSection
	GlobalSection(ProjectConfigurationPlatforms) = postSolution
		{A2D9AA6C-9C0D-40B2-AA95-579F654E8F66}.Debug|Any CPU.ActiveCfg = Debug|Any CPU
		{A2D9AA6C-9C0D-40B2-AA95-579F654E8F66}.Debug|Any CPU.Build.0 = Debug|Any CPU
		{A2D9AA6C-9C0D-40B2-AA95-579F654E8F66}.Release|Any CPU.ActiveCfg = Release|Any CPU
		{A2D9AA6C-9C0D-40B2-AA95-579F654E8F66}.Release|Any CPU.Build.0 = Release|Any CPU
		{F7211743-1E99-42E0-ADB0-CA653EAA39CD}.Debug|Any CPU.ActiveCfg = Debug|Any CPU
		{F7211743-1E99-42E0-ADB0-CA653EAA39CD}.Debug|Any CPU.Build.0 = Debug|Any CPU
		{F7211743-1E99-42E0-ADB0-CA653EAA39CD}.Release|Any CPU.ActiveCfg = Release|Any CPU
		{F7211743-1E99-42E0-ADB0-CA653EAA39CD}.Release|Any CPU.Build.0 = Release|Any CPU
		{BBAFCCD0-DE94-439A-88DF-E62A590B4771}.Debug|Any CPU.ActiveCfg = Debug|Any CPU
		{BBAFCCD0-DE94-439A-88DF-E62A590B4771}.Debug|Any CPU.Build.0 = Debug|Any CPU
		{BBAFCCD0-DE94-439A-88DF-E62A590B4771}.Release|Any CPU.ActiveCfg = Release|Any CPU
		{BBAFCCD0-DE94-439A-88DF-E62A590B4771}.Release|Any CPU.Build.0 = Release|Any CPU
	EndGlobalSection
EndGlobal
